// !$*UTF8*$!
{
	archiveVersion = 1;
	classes = {
	};
	objectVersion = 50;
	objects = {

/* Begin PBXBuildFile section */
		6486C89D245A2DDB000FC612 /* main.swift in Sources */ = {isa = PBXBuildFile; fileRef = 6486C89C245A2DDB000FC612 /* main.swift */; };
		6486C8A6245A2E31000FC612 /* Sword.swift in Sources */ = {isa = PBXBuildFile; fileRef = 6486C8A5245A2E31000FC612 /* Sword.swift */; };
		6486C8A8245A2E5B000FC612 /* Wand.swift in Sources */ = {isa = PBXBuildFile; fileRef = 6486C8A7245A2E5B000FC612 /* Wand.swift */; };
		6486C8AA245A2E74000FC612 /* Bow.swift in Sources */ = {isa = PBXBuildFile; fileRef = 6486C8A9245A2E74000FC612 /* Bow.swift */; };
		6486C8AC245A2E83000FC612 /* Weapons.swift in Sources */ = {isa = PBXBuildFile; fileRef = 6486C8AB245A2E83000FC612 /* Weapons.swift */; };
		6486C8AE245A2FA9000FC612 /* Player.swift in Sources */ = {isa = PBXBuildFile; fileRef = 6486C8AD245A2FA9000FC612 /* Player.swift */; };
		6486C8B0245A3001000FC612 /* Character.swift in Sources */ = {isa = PBXBuildFile; fileRef = 6486C8AF245A3001000FC612 /* Character.swift */; };
		6486C8B2245A307F000FC612 /* Warrior.swift in Sources */ = {isa = PBXBuildFile; fileRef = 6486C8B1245A307F000FC612 /* Warrior.swift */; };
		6486C8B4245A30DF000FC612 /* Wizard.swift in Sources */ = {isa = PBXBuildFile; fileRef = 6486C8B3245A30DF000FC612 /* Wizard.swift */; };
		6486C8B6245A314A000FC612 /* Archery.swift in Sources */ = {isa = PBXBuildFile; fileRef = 6486C8B5245A314A000FC612 /* Archery.swift */; };
/* End PBXBuildFile section */

/* Begin PBXCopyFilesBuildPhase section */
		6486C897245A2DDB000FC612 /* CopyFiles */ = {
			isa = PBXCopyFilesBuildPhase;
			buildActionMask = 2147483647;
			dstPath = /usr/share/man/man1/;
			dstSubfolderSpec = 0;
			files = (
			);
			runOnlyForDeploymentPostprocessing = 1;
		};
/* End PBXCopyFilesBuildPhase section */

/* Begin PBXFileReference section */
		6486C899245A2DDB000FC612 /* Swift_Arena */ = {isa = PBXFileReference; explicitFileType = "compiled.mach-o.executable"; includeInIndex = 0; path = Swift_Arena; sourceTree = BUILT_PRODUCTS_DIR; };
		6486C89C245A2DDB000FC612 /* main.swift */ = {isa = PBXFileReference; lastKnownFileType = sourcecode.swift; path = main.swift; sourceTree = "<group>"; };
		6486C8A5245A2E31000FC612 /* Sword.swift */ = {isa = PBXFileReference; lastKnownFileType = sourcecode.swift; path = Sword.swift; sourceTree = "<group>"; };
		6486C8A7245A2E5B000FC612 /* Wand.swift */ = {isa = PBXFileReference; lastKnownFileType = sourcecode.swift; path = Wand.swift; sourceTree = "<group>"; };
		6486C8A9245A2E74000FC612 /* Bow.swift */ = {isa = PBXFileReference; lastKnownFileType = sourcecode.swift; path = Bow.swift; sourceTree = "<group>"; };
		6486C8AB245A2E83000FC612 /* Weapons.swift */ = {isa = PBXFileReference; lastKnownFileType = sourcecode.swift; path = Weapons.swift; sourceTree = "<group>"; };
		6486C8AD245A2FA9000FC612 /* Player.swift */ = {isa = PBXFileReference; lastKnownFileType = sourcecode.swift; path = Player.swift; sourceTree = "<group>"; };
		6486C8AF245A3001000FC612 /* Character.swift */ = {isa = PBXFileReference; lastKnownFileType = sourcecode.swift; path = Character.swift; sourceTree = "<group>"; };
		6486C8B1245A307F000FC612 /* Warrior.swift */ = {isa = PBXFileReference; lastKnownFileType = sourcecode.swift; path = Warrior.swift; sourceTree = "<group>"; };
		6486C8B3245A30DF000FC612 /* Wizard.swift */ = {isa = PBXFileReference; lastKnownFileType = sourcecode.swift; path = Wizard.swift; sourceTree = "<group>"; };
		6486C8B5245A314A000FC612 /* Archery.swift */ = {isa = PBXFileReference; lastKnownFileType = sourcecode.swift; path = Archery.swift; sourceTree = "<group>"; };
/* End PBXFileReference section */

/* Begin PBXFrameworksBuildPhase section */
		6486C896245A2DDB000FC612 /* Frameworks */ = {
			isa = PBXFrameworksBuildPhase;
			buildActionMask = 2147483647;
			files = (
			);
			runOnlyForDeploymentPostprocessing = 0;
		};
/* End PBXFrameworksBuildPhase section */

/* Begin PBXGroup section */
		6486C890245A2DDB000FC612 = {
			isa = PBXGroup;
			children = (
				6486C89B245A2DDB000FC612 /* Swift_Arena */,
				6486C89A245A2DDB000FC612 /* Products */,
			);
			sourceTree = "<group>";
		};
		6486C89A245A2DDB000FC612 /* Products */ = {
			isa = PBXGroup;
			children = (
				6486C899245A2DDB000FC612 /* Swift_Arena */,
			);
			name = Products;
			sourceTree = "<group>";
		};
		6486C89B245A2DDB000FC612 /* Swift_Arena */ = {
			isa = PBXGroup;
			children = (
				6486C89C245A2DDB000FC612 /* main.swift */,
				6486C8AD245A2FA9000FC612 /* Player.swift */,
				6486C8A4245A2E1B000FC612 /* Classes */,
				6486C8A3245A2E18000FC612 /* Weapons */,
			);
			path = Swift_Arena;
			sourceTree = "<group>";
		};
		6486C8A3245A2E18000FC612 /* Weapons */ = {
			isa = PBXGroup;
			children = (
				6486C8A7245A2E5B000FC612 /* Wand.swift */,
				6486C8A5245A2E31000FC612 /* Sword.swift */,
				6486C8A9245A2E74000FC612 /* Bow.swift */,
				6486C8AB245A2E83000FC612 /* Weapons.swift */,
			);
			path = Weapons;
			sourceTree = "<group>";
		};
		6486C8A4245A2E1B000FC612 /* Classes */ = {
			isa = PBXGroup;
			children = (
				6486C8AF245A3001000FC612 /* Character.swift */,
				6486C8B1245A307F000FC612 /* Warrior.swift */,
				6486C8B3245A30DF000FC612 /* Wizard.swift */,
				6486C8B5245A314A000FC612 /* Archery.swift */,
			);
			path = Classes;
			sourceTree = "<group>";
		};
/* End PBXGroup section */

/* Begin PBXNativeTarget section */
		6486C898245A2DDB000FC612 /* Swift_Arena */ = {
			isa = PBXNativeTarget;
			buildConfigurationList = 6486C8A0245A2DDB000FC612 /* Build configuration list for PBXNativeTarget "Swift_Arena" */;
			buildPhases = (
				6486C895245A2DDB000FC612 /* Sources */,
				6486C896245A2DDB000FC612 /* Frameworks */,
				6486C897245A2DDB000FC612 /* CopyFiles */,
			);
			buildRules = (
			);
			dependencies = (
			);
			name = Swift_Arena;
			productName = Swift_Arena;
			productReference = 6486C899245A2DDB000FC612 /* Swift_Arena */;
			productType = "com.apple.product-type.tool";
		};
/* End PBXNativeTarget section */

/* Begin PBXProject section */
		6486C891245A2DDB000FC612 /* Project object */ = {
			isa = PBXProject;
			attributes = {
				LastSwiftUpdateCheck = 1140;
				LastUpgradeCheck = 1140;
				ORGANIZATIONNAME = "Martin Flament";
				TargetAttributes = {
					6486C898245A2DDB000FC612 = {
						CreatedOnToolsVersion = 11.4.1;
					};
				};
			};
			buildConfigurationList = 6486C894245A2DDB000FC612 /* Build configuration list for PBXProject "Swift_Arena" */;
			compatibilityVersion = "Xcode 9.3";
			developmentRegion = en;
			hasScannedForEncodings = 0;
			knownRegions = (
				en,
				Base,
			);
			mainGroup = 6486C890245A2DDB000FC612;
			productRefGroup = 6486C89A245A2DDB000FC612 /* Products */;
			projectDirPath = "";
			projectRoot = "";
			targets = (
				6486C898245A2DDB000FC612 /* Swift_Arena */,
			);
		};
/* End PBXProject section */

/* Begin PBXSourcesBuildPhase section */
		6486C895245A2DDB000FC612 /* Sources */ = {
			isa = PBXSourcesBuildPhase;
			buildActionMask = 2147483647;
			files = (
				6486C8AA245A2E74000FC612 /* Bow.swift in Sources */,
				6486C8B4245A30DF000FC612 /* Wizard.swift in Sources */,
				6486C8B0245A3001000FC612 /* Character.swift in Sources */,
				6486C8AE245A2FA9000FC612 /* Player.swift in Sources */,
				6486C89D245A2DDB000FC612 /* main.swift in Sources */,
				6486C8A8245A2E5B000FC612 /* Wand.swift in Sources */,
				6486C8B6245A314A000FC612 /* Archery.swift in Sources */,
				6486C8A6245A2E31000FC612 /* Sword.swift in Sources */,
				6486C8B2245A307F000FC612 /* Warrior.swift in Sources */,
				6486C8AC245A2E83000FC612 /* Weapons.swift in Sources */,
			);
			runOnlyForDeploymentPostprocessing = 0;
		};
/* End PBXSourcesBuildPhase section */

/* Begin XCBuildConfiguration section */
		6486C89E245A2DDB000FC612 /* Debug */ = {
			isa = XCBuildConfiguration;
			buildSettings = {
				ALWAYS_SEARCH_USER_PATHS = NO;
				CLANG_ANALYZER_NONNULL = YES;
				CLANG_ANALYZER_NUMBER_OBJECT_CONVERSION = YES_AGGRESSIVE;
				CLANG_CXX_LANGUAGE_STANDARD = "gnu++14";
				CLANG_CXX_LIBRARY = "libc++";
				CLANG_ENABLE_MODULES = YES;
				CLANG_ENABLE_OBJC_ARC = YES;
				CLANG_ENABLE_OBJC_WEAK = YES;
				CLANG_WARN_BLOCK_CAPTURE_AUTORELEASING = YES;
				CLANG_WARN_BOOL_CONVERSION = YES;
				CLANG_WARN_COMMA = YES;
				CLANG_WARN_CONSTANT_CONVERSION = YES;
				CLANG_WARN_DEPRECATED_OBJC_IMPLEMENTATIONS = YES;
				CLANG_WARN_DIRECT_OBJC_ISA_USAGE = YES_ERROR;
				CLANG_WARN_DOCUMENTATION_COMMENTS = YES;
				CLANG_WARN_EMPTY_BODY = YES;
				CLANG_WARN_ENUM_CONVERSION = YES;
				CLANG_WARN_INFINITE_RECURSION = YES;
				CLANG_WARN_INT_CONVERSION = YES;
				CLANG_WARN_NON_LITERAL_NULL_CONVERSION = YES;
				CLANG_WARN_OBJC_IMPLICIT_RETAIN_SELF = YES;
				CLANG_WARN_OBJC_LITERAL_CONVERSION = YES;
				CLANG_WARN_OBJC_ROOT_CLASS = YES_ERROR;
				CLANG_WARN_RANGE_LOOP_ANALYSIS = YES;
				CLANG_WARN_STRICT_PROTOTYPES = YES;
				CLANG_WARN_SUSPICIOUS_MOVE = YES;
				CLANG_WARN_UNGUARDED_AVAILABILITY = YES_AGGRESSIVE;
				CLANG_WARN_UNREACHABLE_CODE = YES;
				CLANG_WARN__DUPLICATE_METHOD_MATCH = YES;
				COPY_PHASE_STRIP = NO;
				DEBUG_INFORMATION_FORMAT = dwarf;
				ENABLE_STRICT_OBJC_MSGSEND = YES;
				ENABLE_TESTABILITY = YES;
				GCC_C_LANGUAGE_STANDARD = gnu11;
				GCC_DYNAMIC_NO_PIC = NO;
				GCC_NO_COMMON_BLOCKS = YES;
				GCC_OPTIMIZATION_LEVEL = 0;
				GCC_PREPROCESSOR_DEFINITIONS = (
					"DEBUG=1",
					"$(inherited)",
				);
				GCC_WARN_64_TO_32_BIT_CONVERSION = YES;
				GCC_WARN_ABOUT_RETURN_TYPE = YES_ERROR;
				GCC_WARN_UNDECLARED_SELECTOR = YES;
				GCC_WARN_UNINITIALIZED_AUTOS = YES_AGGRESSIVE;
				GCC_WARN_UNUSED_FUNCTION = YES;
				GCC_WARN_UNUSED_VARIABLE = YES;
				MACOSX_DEPLOYMENT_TARGET = 10.15;
				MTL_ENABLE_DEBUG_INFO = INCLUDE_SOURCE;
				MTL_FAST_MATH = YES;
				ONLY_ACTIVE_ARCH = YES;
				SDKROOT = macosx;
				SWIFT_ACTIVE_COMPILATION_CONDITIONS = DEBUG;
				SWIFT_OPTIMIZATION_LEVEL = "-Onone";
			};
			name = Debug;
		};
		6486C89F245A2DDB000FC612 /* Release */ = {
			isa = XCBuildConfiguration;
			buildSettings = {
				ALWAYS_SEARCH_USER_PATHS = NO;
				CLANG_ANALYZER_NONNULL = YES;
				CLANG_ANALYZER_NUMBER_OBJECT_CONVERSION = YES_AGGRESSIVE;
				CLANG_CXX_LANGUAGE_STANDARD = "gnu++14";
				CLANG_CXX_LIBRARY = "libc++";
				CLANG_ENABLE_MODULES = YES;
				CLANG_ENABLE_OBJC_ARC = YES;
				CLANG_ENABLE_OBJC_WEAK = YES;
				CLANG_WARN_BLOCK_CAPTURE_AUTORELEASING = YES;
				CLANG_WARN_BOOL_CONVERSION = YES;
				CLANG_WARN_COMMA = YES;
				CLANG_WARN_CONSTANT_CONVERSION = YES;
				CLANG_WARN_DEPRECATED_OBJC_IMPLEMENTATIONS = YES;
				CLANG_WARN_DIRECT_OBJC_ISA_USAGE = YES_ERROR;
				CLANG_WARN_DOCUMENTATION_COMMENTS = YES;
				CLANG_WARN_EMPTY_BODY = YES;
				CLANG_WARN_ENUM_CONVERSION = YES;
				CLANG_WARN_INFINITE_RECURSION = YES;
				CLANG_WARN_INT_CONVERSION = YES;
				CLANG_WARN_NON_LITERAL_NULL_CONVERSION = YES;
				CLANG_WARN_OBJC_IMPLICIT_RETAIN_SELF = YES;
				CLANG_WARN_OBJC_LITERAL_CONVERSION = YES;
				CLANG_WARN_OBJC_ROOT_CLASS = YES_ERROR;
				CLANG_WARN_RANGE_LOOP_ANALYSIS = YES;
				CLANG_WARN_STRICT_PROTOTYPES = YES;
				CLANG_WARN_SUSPICIOUS_MOVE = YES;
				CLANG_WARN_UNGUARDED_AVAILABILITY = YES_AGGRESSIVE;
				CLANG_WARN_UNREACHABLE_CODE = YES;
				CLANG_WARN__DUPLICATE_METHOD_MATCH = YES;
				COPY_PHASE_STRIP = NO;
				DEBUG_INFORMATION_FORMAT = "dwarf-with-dsym";
				ENABLE_NS_ASSERTIONS = NO;
				ENABLE_STRICT_OBJC_MSGSEND = YES;
				GCC_C_LANGUAGE_STANDARD = gnu11;
				GCC_NO_COMMON_BLOCKS = YES;
				GCC_WARN_64_TO_32_BIT_CONVERSION = YES;
				GCC_WARN_ABOUT_RETURN_TYPE = YES_ERROR;
				GCC_WARN_UNDECLARED_SELECTOR = YES;
				GCC_WARN_UNINITIALIZED_AUTOS = YES_AGGRESSIVE;
				GCC_WARN_UNUSED_FUNCTION = YES;
				GCC_WARN_UNUSED_VARIABLE = YES;
				MACOSX_DEPLOYMENT_TARGET = 10.15;
				MTL_ENABLE_DEBUG_INFO = NO;
				MTL_FAST_MATH = YES;
				SDKROOT = macosx;
				SWIFT_COMPILATION_MODE = wholemodule;
				SWIFT_OPTIMIZATION_LEVEL = "-O";
			};
			name = Release;
		};
		6486C8A1245A2DDB000FC612 /* Debug */ = {
			isa = XCBuildConfiguration;
			buildSettings = {
				CODE_SIGN_STYLE = Automatic;
				PRODUCT_NAME = "$(TARGET_NAME)";
				SWIFT_VERSION = 5.0;
			};
			name = Debug;
		};
		6486C8A2245A2DDB000FC612 /* Release */ = {
			isa = XCBuildConfiguration;
			buildSettings = {
				CODE_SIGN_STYLE = Automatic;
				PRODUCT_NAME = "$(TARGET_NAME)";
				SWIFT_VERSION = 5.0;
			};
			name = Release;
		};
/* End XCBuildConfiguration section */

/* Begin XCConfigurationList section */
		6486C894245A2DDB000FC612 /* Build configuration list for PBXProject "Swift_Arena" */ = {
			isa = XCConfigurationList;
			buildConfigurations = (
				6486C89E245A2DDB000FC612 /* Debug */,
				6486C89F245A2DDB000FC612 /* Release */,
			);
			defaultConfigurationIsVisible = 0;
			defaultConfigurationName = Release;
		};
		6486C8A0245A2DDB000FC612 /* Build configuration list for PBXNativeTarget "Swift_Arena" */ = {
			isa = XCConfigurationList;
			buildConfigurations = (
				6486C8A1245A2DDB000FC612 /* Debug */,
				6486C8A2245A2DDB000FC612 /* Release */,
			);
			defaultConfigurationIsVisible = 0;
			defaultConfigurationName = Release;
		};
/* End XCConfigurationList section */
	};
	rootObject = 6486C891245A2DDB000FC612 /* Project object */;
}
